
Microsoft Visual Studio Solution File, Format Version 12.00
# Visual Studio Version 17
VisualStudioVersion = 17.4.33110.190
MinimumVisualStudioVersion = 10.0.40219.1
Project("{FAE04EC0-301F-11D3-BF4B-00C04F79EFBC}") = "09_migrations", "09_migrations\09_migrations.csproj", "{60077912-96EA-4FCD-9B17-65816E013B5F}"
EndProject
Global
	GlobalSection(SolutionConfigurationPlatforms) = preSolution
		Debug|Any CPU = Debug|Any CPU
		Release|Any CPU = Release|Any CPU
	EndGlobalSection
	GlobalSection(ProjectConfigurationPlatforms) = postSolution
		{60077912-96EA-4FCD-9B17-65816E013B5F}.Debug|Any CPU.ActiveCfg = Debug|Any CPU
		{60077912-96EA-4FCD-9B17-65816E013B5F}.Debug|Any CPU.Build.0 = Debug|Any CPU
		{60077912-96EA-4FCD-9B17-65816E013B5F}.Release|Any CPU.ActiveCfg = Release|Any CPU
		{60077912-96EA-4FCD-9B17-65816E013B5F}.Release|Any CPU.Build.0 = Release|Any CPU
	EndGlobalSection
	GlobalSection(SolutionProperties) = preSolution
		HideSolutionNode = FALSE
	EndGlobalSection
	GlobalSection(ExtensibilityGlobals) = postSolution
		SolutionGuid = {A70AE15A-9322-4F80-A328-9A7EB86D8E18}
	EndGlobalSection
EndGlobal
