
Microsoft Visual Studio Solution File, Format Version 12.00
# Visual Studio Version 17
VisualStudioVersion = 17.4.33110.190
MinimumVisualStudioVersion = 10.0.40219.1
Project("{FAE04EC0-301F-11D3-BF4B-00C04F79EFBC}") = "08_crud", "08_crud\08_crud.csproj", "{88133E26-24C5-438B-B8DE-F9451A612052}"
EndProject
Global
	GlobalSection(SolutionConfigurationPlatforms) = preSolution
		Debug|Any CPU = Debug|Any CPU
		Release|Any CPU = Release|Any CPU
	EndGlobalSection
	GlobalSection(ProjectConfigurationPlatforms) = postSolution
		{88133E26-24C5-438B-B8DE-F9451A612052}.Debug|Any CPU.ActiveCfg = Debug|Any CPU
		{88133E26-24C5-438B-B8DE-F9451A612052}.Debug|Any CPU.Build.0 = Debug|Any CPU
		{88133E26-24C5-438B-B8DE-F9451A612052}.Release|Any CPU.ActiveCfg = Release|Any CPU
		{88133E26-24C5-438B-B8DE-F9451A612052}.Release|Any CPU.Build.0 = Release|Any CPU
	EndGlobalSection
	GlobalSection(SolutionProperties) = preSolution
		HideSolutionNode = FALSE
	EndGlobalSection
	GlobalSection(ExtensibilityGlobals) = postSolution
		SolutionGuid = {47BCD4D0-76C6-4316-8927-A7C64625A711}
	EndGlobalSection
EndGlobal
