
Microsoft Visual Studio Solution File, Format Version 12.00
# Visual Studio Version 17
VisualStudioVersion = 17.4.33110.190
MinimumVisualStudioVersion = 10.0.40219.1
Project("{9A19103F-16F7-4668-BE54-9A1E7A4F7556}") = "01_connection", "01_connection\01_connection.csproj", "{E612F7A3-70EF-4197-814E-A0C22ABE5B0A}"
EndProject
Project("{9A19103F-16F7-4668-BE54-9A1E7A4F7556}") = "02_stored_procedures", "02_stored_procedures\02_stored_procedures.csproj", "{C11771BC-68E2-48BF-8BEC-C647F38E3CE0}"
EndProject
Project("{9A19103F-16F7-4668-BE54-9A1E7A4F7556}") = "03_prepared_queries", "03_prepared_queries\03_prepared_queries.csproj", "{D32109B2-A609-46EB-89CB-906C12B4E51C}"
EndProject
Project("{9A19103F-16F7-4668-BE54-9A1E7A4F7556}") = "04_async_await", "04_async_await\04_async_await.csproj", "{7126211E-53E4-4691-9AF3-32AC6440CBC7}"
EndProject
Project("{FAE04EC0-301F-11D3-BF4B-00C04F79EFBC}") = "05_async_app", "05_async_app\05_async_app.csproj", "{72798B7C-E1EC-4653-825F-763E6C22D78D}"
EndProject
Global
	GlobalSection(SolutionConfigurationPlatforms) = preSolution
		Debug|Any CPU = Debug|Any CPU
		Release|Any CPU = Release|Any CPU
	EndGlobalSection
	GlobalSection(ProjectConfigurationPlatforms) = postSolution
		{E612F7A3-70EF-4197-814E-A0C22ABE5B0A}.Debug|Any CPU.ActiveCfg = Debug|Any CPU
		{E612F7A3-70EF-4197-814E-A0C22ABE5B0A}.Debug|Any CPU.Build.0 = Debug|Any CPU
		{E612F7A3-70EF-4197-814E-A0C22ABE5B0A}.Release|Any CPU.ActiveCfg = Release|Any CPU
		{E612F7A3-70EF-4197-814E-A0C22ABE5B0A}.Release|Any CPU.Build.0 = Release|Any CPU
		{C11771BC-68E2-48BF-8BEC-C647F38E3CE0}.Debug|Any CPU.ActiveCfg = Debug|Any CPU
		{C11771BC-68E2-48BF-8BEC-C647F38E3CE0}.Debug|Any CPU.Build.0 = Debug|Any CPU
		{C11771BC-68E2-48BF-8BEC-C647F38E3CE0}.Release|Any CPU.ActiveCfg = Release|Any CPU
		{C11771BC-68E2-48BF-8BEC-C647F38E3CE0}.Release|Any CPU.Build.0 = Release|Any CPU
		{D32109B2-A609-46EB-89CB-906C12B4E51C}.Debug|Any CPU.ActiveCfg = Debug|Any CPU
		{D32109B2-A609-46EB-89CB-906C12B4E51C}.Debug|Any CPU.Build.0 = Debug|Any CPU
		{D32109B2-A609-46EB-89CB-906C12B4E51C}.Release|Any CPU.ActiveCfg = Release|Any CPU
		{D32109B2-A609-46EB-89CB-906C12B4E51C}.Release|Any CPU.Build.0 = Release|Any CPU
		{7126211E-53E4-4691-9AF3-32AC6440CBC7}.Debug|Any CPU.ActiveCfg = Debug|Any CPU
		{7126211E-53E4-4691-9AF3-32AC6440CBC7}.Debug|Any CPU.Build.0 = Debug|Any CPU
		{7126211E-53E4-4691-9AF3-32AC6440CBC7}.Release|Any CPU.ActiveCfg = Release|Any CPU
		{7126211E-53E4-4691-9AF3-32AC6440CBC7}.Release|Any CPU.Build.0 = Release|Any CPU
		{72798B7C-E1EC-4653-825F-763E6C22D78D}.Debug|Any CPU.ActiveCfg = Debug|Any CPU
		{72798B7C-E1EC-4653-825F-763E6C22D78D}.Debug|Any CPU.Build.0 = Debug|Any CPU
		{72798B7C-E1EC-4653-825F-763E6C22D78D}.Release|Any CPU.ActiveCfg = Release|Any CPU
		{72798B7C-E1EC-4653-825F-763E6C22D78D}.Release|Any CPU.Build.0 = Release|Any CPU
	EndGlobalSection
	GlobalSection(SolutionProperties) = preSolution
		HideSolutionNode = FALSE
	EndGlobalSection
	GlobalSection(ExtensibilityGlobals) = postSolution
		SolutionGuid = {53F522F7-8C36-4AE6-9822-D28E3839F64A}
	EndGlobalSection
EndGlobal
