
Microsoft Visual Studio Solution File, Format Version 12.00
# Visual Studio Version 17
VisualStudioVersion = 17.4.33110.190
MinimumVisualStudioVersion = 10.0.40219.1
Project("{FAE04EC0-301F-11D3-BF4B-00C04F79EFBC}") = "10_attributes", "10_attributes\10_attributes.csproj", "{819B6CEE-3A50-49DF-97C8-8C32637D6ED8}"
EndProject
Global
	GlobalSection(SolutionConfigurationPlatforms) = preSolution
		Debug|Any CPU = Debug|Any CPU
		Release|Any CPU = Release|Any CPU
	EndGlobalSection
	GlobalSection(ProjectConfigurationPlatforms) = postSolution
		{819B6CEE-3A50-49DF-97C8-8C32637D6ED8}.Debug|Any CPU.ActiveCfg = Debug|Any CPU
		{819B6CEE-3A50-49DF-97C8-8C32637D6ED8}.Debug|Any CPU.Build.0 = Debug|Any CPU
		{819B6CEE-3A50-49DF-97C8-8C32637D6ED8}.Release|Any CPU.ActiveCfg = Release|Any CPU
		{819B6CEE-3A50-49DF-97C8-8C32637D6ED8}.Release|Any CPU.Build.0 = Release|Any CPU
	EndGlobalSection
	GlobalSection(SolutionProperties) = preSolution
		HideSolutionNode = FALSE
	EndGlobalSection
	GlobalSection(ExtensibilityGlobals) = postSolution
		SolutionGuid = {2FC191F0-45D7-42D7-A780-C63A799E2FC7}
	EndGlobalSection
EndGlobal
